---
http_interactions:
- request:
    method: get
    uri: https://api.algoexplorer.io/v2/status
    body:
      encoding: US-ASCII
      string: ''
    headers:
      Accept-Encoding:
      - gzip;q=1.0,deflate;q=0.6,identity;q=0.3
      Accept:
      - "*/*"
      User-Agent:
      - Ruby
  response:
    status:
      code: 200
      message: OK
    headers:
      Date:
      - Thu, 03 Jun 2021 09:40:56 GMT
      Content-Type:
      - application/json; charset=UTF-8
      Transfer-Encoding:
      - chunked
      Connection:
      - keep-alive
      Access-Control-Allow-Origin:
      - "*"
      Vary:
      - Origin
      Access-Control-Allow-Methods:
      - GET,POST,OPTIONS
      Access-Control-Allow-Headers:
      - Content-Type, X-Disable-Tracking, X-Algoexplorer-Api-Key, X-Debug-Stats, Authorization
      Cache-Control:
      - no-store, no-cache, must-revalidate, private
      Cf-Cache-Status:
      - DYNAMIC
      Cf-Request-Id:
      - 0a72d860850000f16a3b0b5000000001
      Expect-Ct:
      - max-age=604800, report-uri="https://report-uri.cloudflare.com/cdn-cgi/beacon/expect-ct"
      Report-To:
      - '{"endpoints":[{"url":"https:\/\/a.nel.cloudflare.com\/report\/v2?s=52QESb6rcAJKZKhp63pw%2F9AQig5JO%2FiwLL0H7M%2BZ4AbGK7QRTb8jwKqmwB30rVkmxo3tMNzp6%2BFW4U1cZgRQdsEfmbn%2BJwqCy%2BA1x4dpzXEUPJF23fdLOcAlFsuyU%2Fek7V1rYPqi47fzWWT6"}],"group":"cf-nel","max_age":604800}'
      Nel:
      - '{"report_to":"cf-nel","max_age":604800}'
      Server:
      - cloudflare
      Cf-Ray:
      - 6597f67a6ba5f16a-ARN
    body:
      encoding: ASCII-8BIT
      string: '{"catchpoint":"","catchpoint-acquired-blocks":0,"catchpoint-processed-accounts":0,"catchpoint-total-accounts":0,"catchpoint-total-blocks":0,"catchpoint-verified-accounts":0,"catchup-time":0,"last-catchpoint":"14190000#L4W4E6XDHBHRFMF5URPGVQQZM37L3HWGA64LBLSNY3X4CHCVWDSQ","last-round":14192464,"last-version":"https://github.com/algorandfoundation/specs/tree/d050b3cade6d5c664df8bd729bf219f179812595","next-version":"https://github.com/algorandfoundation/specs/tree/d050b3cade6d5c664df8bd729bf219f179812595","next-version-round":14192465,"next-version-supported":true,"stopped-at-unsupported-round":false,"time-since-last-round":3323059874}

        '
    http_version: null
  recorded_at: Thu, 03 Jun 2021 09:40:56 GMT
recorded_with: VCR 5.1.0
